
Microsoft Visual Studio Solution File, Format Version 12.00
# Visual Studio Version 17
VisualStudioVersion = 17.13.35825.156
MinimumVisualStudioVersion = 10.0.40219.1
Project("{FAE04EC0-301F-11D3-BF4B-00C04F79EFBC}") = "task3", "task3\task3.csproj", "{ABFCAE11-5195-4A4B-9090-50252F4398F7}"
EndProject
Global
	GlobalSection(SolutionConfigurationPlatforms) = preSolution
		Debug|Any CPU = Debug|Any CPU
		Release|Any CPU = Release|Any CPU
	EndGlobalSection
	GlobalSection(ProjectConfigurationPlatforms) = postSolution
		{ABFCAE11-5195-4A4B-9090-50252F4398F7}.Debug|Any CPU.ActiveCfg = Debug|Any CPU
		{ABFCAE11-5195-4A4B-9090-50252F4398F7}.Debug|Any CPU.Build.0 = Debug|Any CPU
		{ABFCAE11-5195-4A4B-9090-50252F4398F7}.Release|Any CPU.ActiveCfg = Release|Any CPU
		{ABFCAE11-5195-4A4B-9090-50252F4398F7}.Release|Any CPU.Build.0 = Release|Any CPU
	EndGlobalSection
	GlobalSection(SolutionProperties) = preSolution
		HideSolutionNode = FALSE
	EndGlobalSection
	GlobalSection(ExtensibilityGlobals) = postSolution
		SolutionGuid = {F4DEE98E-1604-431B-B2DF-4EE29F1BDF39}
	EndGlobalSection
EndGlobal
